
Microsoft Visual Studio Solution File, Format Version 12.00
# Visual Studio Version 17
VisualStudioVersion = 17.7.34202.233
MinimumVisualStudioVersion = 10.0.40219.1
Project("{FAE04EC0-301F-11D3-BF4B-00C04F79EFBC}") = "Cards.API", "Cards.API\Cards.API.csproj", "{271F7F53-4B46-4CB1-8C1D-254FF632EBE7}"
EndProject
Project("{FAE04EC0-301F-11D3-BF4B-00C04F79EFBC}") = "Cards.Tests", "Cards.Tests\Cards.Tests.csproj", "{A44A52DF-C21F-4517-80EA-CE0365B035D4}"
EndProject
Project("{FAE04EC0-301F-11D3-BF4B-00C04F79EFBC}") = "Cards.Infrastructure", "Cards.Infrastructure\Cards.Infrastructure.csproj", "{0B6389A8-6F0E-4610-BEBF-0449C2749872}"
EndProject
Global
	GlobalSection(SolutionConfigurationPlatforms) = preSolution
		Debug|Any CPU = Debug|Any CPU
		Release|Any CPU = Release|Any CPU
	EndGlobalSection
	GlobalSection(ProjectConfigurationPlatforms) = postSolution
		{271F7F53-4B46-4CB1-8C1D-254FF632EBE7}.Debug|Any CPU.ActiveCfg = Debug|Any CPU
		{271F7F53-4B46-4CB1-8C1D-254FF632EBE7}.Debug|Any CPU.Build.0 = Debug|Any CPU
		{271F7F53-4B46-4CB1-8C1D-254FF632EBE7}.Release|Any CPU.ActiveCfg = Release|Any CPU
		{271F7F53-4B46-4CB1-8C1D-254FF632EBE7}.Release|Any CPU.Build.0 = Release|Any CPU
		{A44A52DF-C21F-4517-80EA-CE0365B035D4}.Debug|Any CPU.ActiveCfg = Debug|Any CPU
		{A44A52DF-C21F-4517-80EA-CE0365B035D4}.Debug|Any CPU.Build.0 = Debug|Any CPU
		{A44A52DF-C21F-4517-80EA-CE0365B035D4}.Release|Any CPU.ActiveCfg = Release|Any CPU
		{A44A52DF-C21F-4517-80EA-CE0365B035D4}.Release|Any CPU.Build.0 = Release|Any CPU
		{0B6389A8-6F0E-4610-BEBF-0449C2749872}.Debug|Any CPU.ActiveCfg = Debug|Any CPU
		{0B6389A8-6F0E-4610-BEBF-0449C2749872}.Debug|Any CPU.Build.0 = Debug|Any CPU
		{0B6389A8-6F0E-4610-BEBF-0449C2749872}.Release|Any CPU.ActiveCfg = Release|Any CPU
		{0B6389A8-6F0E-4610-BEBF-0449C2749872}.Release|Any CPU.Build.0 = Release|Any CPU
	EndGlobalSection
	GlobalSection(SolutionProperties) = preSolution
		HideSolutionNode = FALSE
	EndGlobalSection
	GlobalSection(ExtensibilityGlobals) = postSolution
		SolutionGuid = {C3646C3D-0DDE-40C0-8804-5F757F3844A5}
	EndGlobalSection
EndGlobal
